<?xml version="1.0" encoding="utf-8"?>
<Project ToolsVersion="4.0" xmlns="http://schemas.microsoft.com/developer/msbuild/2003">
  <ItemGroup>
    <ClCompile Include="pch.cpp" />
    <ClCompile Include="tests\BoggleBoard_Tests.cpp">
      <Filter>tests</Filter>
    </ClCompile>
    <ClCompile Include="tests\Dictionary_Tests.cpp">
      <Filter>tests</Filter>
    </ClCompile>
    <ClCompile Include="tests\LetterNode_Tests.cpp">
      <Filter>tests</Filter>
    </ClCompile>
    <ClCompile Include="tests\LetterNodePool_Tests.cpp">
      <Filter>tests</Filter>
    </ClCompile>
    <ClCompile Include="tests\BoggleSolverHelper_Tests.cpp">
      <Filter>tests</Filter>
    </ClCompile>
    <ClCompile Include="tests\BoggleSolver_Tests.cpp">
      <Filter>tests</Filter>
    </ClCompile>
  </ItemGroup>
  <ItemGroup>
    <ClInclude Include="pch.h" />
    <ClInclude Include="doubles\TestDoubles.h">
      <Filter>doubles</Filter>
    </ClInclude>
  </ItemGroup>
  <ItemGroup>
    <Filter Include="tests">
      <UniqueIdentifier>{d93f5be8-eb98-4a2a-b32b-838893e3db75}</UniqueIdentifier>
    </Filter>
    <Filter Include="doubles">
      <UniqueIdentifier>{ed0fcf89-445c-4bc6-9275-4f4c4f901aec}</UniqueIdentifier>
    </Filter>
  </ItemGroup>
  <ItemGroup>
    <None Include="packages.config" />
  </ItemGroup>
</Project>